
Microsoft Visual Studio Solution File, Format Version 12.00
# Visual Studio 2012
Project("{FAE04EC0-301F-11D3-BF4B-00C04F79EFBC}") = "Excel", "Excel\Excel.csproj", "{0E09EA28-F50B-4B7D-81EC-77781FA08CBD}"
EndProject
Global
	GlobalSection(SolutionConfigurationPlatforms) = preSolution
		Debug|x86 = Debug|x86
		Release|x86 = Release|x86
	EndGlobalSection
	GlobalSection(ProjectConfigurationPlatforms) = postSolution
		{0E09EA28-F50B-4B7D-81EC-77781FA08CBD}.Debug|x86.ActiveCfg = Debug|x86
		{0E09EA28-F50B-4B7D-81EC-77781FA08CBD}.Debug|x86.Build.0 = Debug|x86
		{0E09EA28-F50B-4B7D-81EC-77781FA08CBD}.Release|x86.ActiveCfg = Release|x86
		{0E09EA28-F50B-4B7D-81EC-77781FA08CBD}.Release|x86.Build.0 = Release|x86
	EndGlobalSection
EndGlobal
